# THIS IS AN AUTOGENERATED FILE. DO NOT EDIT THIS FILE DIRECTLY.
# yarn lockfile v1


react-hook-form@^7.39.1:
  version "7.39.1"
  resolved "https://registry.yarnpkg.com/react-hook-form/-/react-hook-form-7.39.1.tgz#ded87d4b3f6692d1f9219515f78ca282b6e1ebf7"
  integrity sha512-MiF9PCILN5KulhSGbnjohMiTOrB47GerDTichMNP0y2cPUu1GTRFqbunOxCE9N1499YTLMV/ne4gFzqCp1rxrQ==
